// !$*UTF8*$!
{
	archiveVersion = 1;
	classes = {
	};
	objectVersion = 46;
	objects = {

/* Begin PBXBuildFile section */
		48F50AB016510F130082A261 /* UIKit.framework in Frameworks */ = {isa = PBXBuildFile; fileRef = 48F50AAF16510F130082A261 /* UIKit.framework */; };
		48F50AB216510F130082A261 /* Foundation.framework in Frameworks */ = {isa = PBXBuildFile; fileRef = 48F50AB116510F130082A261 /* Foundation.framework */; };
		48F50AB416510F130082A261 /* CoreGraphics.framework in Frameworks */ = {isa = PBXBuildFile; fileRef = 48F50AB316510F130082A261 /* CoreGraphics.framework */; };
		48F50ABA16510F130082A261 /* InfoPlist.strings in Resources */ = {isa = PBXBuildFile; fileRef = 48F50AB816510F130082A261 /* InfoPlist.strings */; };
		48F50ABC16510F130082A261 /* main.m in Sources */ = {isa = PBXBuildFile; fileRef = 48F50ABB16510F130082A261 /* main.m */; };
		48F50AC016510F130082A261 /* AppDelegate.m in Sources */ = {isa = PBXBuildFile; fileRef = 48F50ABF16510F130082A261 /* AppDelegate.m */; };
		48F50AC216510F130082A261 /* Default.png in Resources */ = {isa = PBXBuildFile; fileRef = 48F50AC116510F130082A261 /* Default.png */; };
		48F50AC416510F130082A261 /* Default@2x.png in Resources */ = {isa = PBXBuildFile; fileRef = 48F50AC316510F130082A261 /* Default@2x.png */; };
		48F50AC616510F130082A261 /* Default-568h@2x.png in Resources */ = {isa = PBXBuildFile; fileRef = 48F50AC516510F130082A261 /* Default-568h@2x.png */; };
		48F50AC916510F130082A261 /* ViewController.m in Sources */ = {isa = PBXBuildFile; fileRef = 48F50AC816510F130082A261 /* ViewController.m */; };
		48F50ACC16510F130082A261 /* ViewController.xib in Resources */ = {isa = PBXBuildFile; fileRef = 48F50ACA16510F130082A261 /* ViewController.xib */; };
/* End PBXBuildFile section */

/* Begin PBXFileReference section */
		48F50AAB16510F130082A261 /* LASharekitExample.app */ = {isa = PBXFileReference; explicitFileType = wrapper.application; includeInIndex = 0; path = LASharekitExample.app; sourceTree = BUILT_PRODUCTS_DIR; };
		48F50AAF16510F130082A261 /* UIKit.framework */ = {isa = PBXFileReference; lastKnownFileType = wrapper.framework; name = UIKit.framework; path = System/Library/Frameworks/UIKit.framework; sourceTree = SDKROOT; };
		48F50AB116510F130082A261 /* Foundation.framework */ = {isa = PBXFileReference; lastKnownFileType = wrapper.framework; name = Foundation.framework; path = System/Library/Frameworks/Foundation.framework; sourceTree = SDKROOT; };
		48F50AB316510F130082A261 /* CoreGraphics.framework */ = {isa = PBXFileReference; lastKnownFileType = wrapper.framework; name = CoreGraphics.framework; path = System/Library/Frameworks/CoreGraphics.framework; sourceTree = SDKROOT; };
		48F50AB716510F130082A261 /* LASharekitExample-Info.plist */ = {isa = PBXFileReference; lastKnownFileType = text.plist.xml; path = "LASharekitExample-Info.plist"; sourceTree = "<group>"; };
		48F50AB916510F130082A261 /* en */ = {isa = PBXFileReference; lastKnownFileType = text.plist.strings; name = en; path = en.lproj/InfoPlist.strings; sourceTree = "<group>"; };
		48F50ABB16510F130082A261 /* main.m */ = {isa = PBXFileReference; lastKnownFileType = sourcecode.c.objc; path = main.m; sourceTree = "<group>"; };
		48F50ABD16510F130082A261 /* LASharekitExample-Prefix.pch */ = {isa = PBXFileReference; lastKnownFileType = sourcecode.c.h; path = "LASharekitExample-Prefix.pch"; sourceTree = "<group>"; };
		48F50ABE16510F130082A261 /* AppDelegate.h */ = {isa = PBXFileReference; lastKnownFileType = sourcecode.c.h; path = AppDelegate.h; sourceTree = "<group>"; };
		48F50ABF16510F130082A261 /* AppDelegate.m */ = {isa = PBXFileReference; lastKnownFileType = sourcecode.c.objc; path = AppDelegate.m; sourceTree = "<group>"; };
		48F50AC116510F130082A261 /* Default.png */ = {isa = PBXFileReference; lastKnownFileType = image.png; path = Default.png; sourceTree = "<group>"; };
		48F50AC316510F130082A261 /* Default@2x.png */ = {isa = PBXFileReference; lastKnownFileType = image.png; path = "Default@2x.png"; sourceTree = "<group>"; };
		48F50AC516510F130082A261 /* Default-568h@2x.png */ = {isa = PBXFileReference; lastKnownFileType = image.png; path = "Default-568h@2x.png"; sourceTree = "<group>"; };
		48F50AC716510F130082A261 /* ViewController.h */ = {isa = PBXFileReference; lastKnownFileType = sourcecode.c.h; path = ViewController.h; sourceTree = "<group>"; };
		48F50AC816510F130082A261 /* ViewController.m */ = {isa = PBXFileReference; lastKnownFileType = sourcecode.c.objc; path = ViewController.m; sourceTree = "<group>"; };
		48F50ACB16510F130082A261 /* en */ = {isa = PBXFileReference; lastKnownFileType = file.xib; name = en; path = en.lproj/ViewController.xib; sourceTree = "<group>"; };
/* End PBXFileReference section */

/* Begin PBXFrameworksBuildPhase section */
		48F50AA816510F130082A261 /* Frameworks */ = {
			isa = PBXFrameworksBuildPhase;
			buildActionMask = 2147483647;
			files = (
				48F50AB016510F130082A261 /* UIKit.framework in Frameworks */,
				48F50AB216510F130082A261 /* Foundation.framework in Frameworks */,
				48F50AB416510F130082A261 /* CoreGraphics.framework in Frameworks */,
			);
			runOnlyForDeploymentPostprocessing = 0;
		};
/* End PBXFrameworksBuildPhase section */

/* Begin PBXGroup section */
		48F50AA016510F130082A261 = {
			isa = PBXGroup;
			children = (
				48F50AB516510F130082A261 /* LASharekitExample */,
				48F50AAE16510F130082A261 /* Frameworks */,
				48F50AAC16510F130082A261 /* Products */,
			);
			sourceTree = "<group>";
		};
		48F50AAC16510F130082A261 /* Products */ = {
			isa = PBXGroup;
			children = (
				48F50AAB16510F130082A261 /* LASharekitExample.app */,
			);
			name = Products;
			sourceTree = "<group>";
		};
		48F50AAE16510F130082A261 /* Frameworks */ = {
			isa = PBXGroup;
			children = (
				48F50AAF16510F130082A261 /* UIKit.framework */,
				48F50AB116510F130082A261 /* Foundation.framework */,
				48F50AB316510F130082A261 /* CoreGraphics.framework */,
			);
			name = Frameworks;
			sourceTree = "<group>";
		};
		48F50AB516510F130082A261 /* LASharekitExample */ = {
			isa = PBXGroup;
			children = (
				48F50ABE16510F130082A261 /* AppDelegate.h */,
				48F50ABF16510F130082A261 /* AppDelegate.m */,
				48F50AC716510F130082A261 /* ViewController.h */,
				48F50AC816510F130082A261 /* ViewController.m */,
				48F50ACA16510F130082A261 /* ViewController.xib */,
				48F50AB616510F130082A261 /* Supporting Files */,
			);
			path = LASharekitExample;
			sourceTree = "<group>";
		};
		48F50AB616510F130082A261 /* Supporting Files */ = {
			isa = PBXGroup;
			children = (
				48F50AB716510F130082A261 /* LASharekitExample-Info.plist */,
				48F50AB816510F130082A261 /* InfoPlist.strings */,
				48F50ABB16510F130082A261 /* main.m */,
				48F50ABD16510F130082A261 /* LASharekitExample-Prefix.pch */,
				48F50AC116510F130082A261 /* Default.png */,
				48F50AC316510F130082A261 /* Default@2x.png */,
				48F50AC516510F130082A261 /* Default-568h@2x.png */,
			);
			name = "Supporting Files";
			sourceTree = "<group>";
		};
/* End PBXGroup section */

/* Begin PBXNativeTarget section */
		48F50AAA16510F130082A261 /* LASharekitExample */ = {
			isa = PBXNativeTarget;
			buildConfigurationList = 48F50ACF16510F130082A261 /* Build configuration list for PBXNativeTarget "LASharekitExample" */;
			buildPhases = (
				48F50AA716510F130082A261 /* Sources */,
				48F50AA816510F130082A261 /* Frameworks */,
				48F50AA916510F130082A261 /* Resources */,
			);
			buildRules = (
			);
			dependencies = (
			);
			name = LASharekitExample;
			productName = LASharekitExample;
			productReference = 48F50AAB16510F130082A261 /* LASharekitExample.app */;
			productType = "com.apple.product-type.application";
		};
/* End PBXNativeTarget section */

/* Begin PBXProject section */
		48F50AA216510F130082A261 /* Project object */ = {
			isa = PBXProject;
			attributes = {
				LastUpgradeCheck = 0450;
				ORGANIZATIONNAME = "Luis Ascorbe";
			};
			buildConfigurationList = 48F50AA516510F130082A261 /* Build configuration list for PBXProject "LASharekitExample" */;
			compatibilityVersion = "Xcode 3.2";
			developmentRegion = English;
			hasScannedForEncodings = 0;
			knownRegions = (
				en,
			);
			mainGroup = 48F50AA016510F130082A261;
			productRefGroup = 48F50AAC16510F130082A261 /* Products */;
			projectDirPath = "";
			projectRoot = "";
			targets = (
				48F50AAA16510F130082A261 /* LASharekitExample */,
			);
		};
/* End PBXProject section */

/* Begin PBXResourcesBuildPhase section */
		48F50AA916510F130082A261 /* Resources */ = {
			isa = PBXResourcesBuildPhase;
			buildActionMask = 2147483647;
			files = (
				48F50ABA16510F130082A261 /* InfoPlist.strings in Resources */,
				48F50AC216510F130082A261 /* Default.png in Resources */,
				48F50AC416510F130082A261 /* Default@2x.png in Resources */,
				48F50AC616510F130082A261 /* Default-568h@2x.png in Resources */,
				48F50ACC16510F130082A261 /* ViewController.xib in Resources */,
			);
			runOnlyForDeploymentPostprocessing = 0;
		};
/* End PBXResourcesBuildPhase section */

/* Begin PBXSourcesBuildPhase section */
		48F50AA716510F130082A261 /* Sources */ = {
			isa = PBXSourcesBuildPhase;
			buildActionMask = 2147483647;
			files = (
				48F50ABC16510F130082A261 /* main.m in Sources */,
				48F50AC016510F130082A261 /* AppDelegate.m in Sources */,
				48F50AC916510F130082A261 /* ViewController.m in Sources */,
			);
			runOnlyForDeploymentPostprocessing = 0;
		};
/* End PBXSourcesBuildPhase section */

/* Begin PBXVariantGroup section */
		48F50AB816510F130082A261 /* InfoPlist.strings */ = {
			isa = PBXVariantGroup;
			children = (
				48F50AB916510F130082A261 /* en */,
			);
			name = InfoPlist.strings;
			sourceTree = "<group>";
		};
		48F50ACA16510F130082A261 /* ViewController.xib */ = {
			isa = PBXVariantGroup;
			children = (
				48F50ACB16510F130082A261 /* en */,
			);
			name = ViewController.xib;
			sourceTree = "<group>";
		};
/* End PBXVariantGroup section */

/* Begin XCBuildConfiguration section */
		48F50ACD16510F130082A261 /* Debug */ = {
			isa = XCBuildConfiguration;
			buildSettings = {
				ALWAYS_SEARCH_USER_PATHS = NO;
				CLANG_CXX_LANGUAGE_STANDARD = "gnu++0x";
				CLANG_CXX_LIBRARY = "libc++";
				CLANG_WARN_EMPTY_BODY = YES;
				CLANG_WARN__DUPLICATE_METHOD_MATCH = YES;
				"CODE_SIGN_IDENTITY[sdk=iphoneos*]" = "iPhone Developer";
				COPY_PHASE_STRIP = NO;
				GCC_C_LANGUAGE_STANDARD = gnu99;
				GCC_DYNAMIC_NO_PIC = NO;
				GCC_OPTIMIZATION_LEVEL = 0;
				GCC_PREPROCESSOR_DEFINITIONS = (
					"DEBUG=1",
					"$(inherited)",
				);
				GCC_SYMBOLS_PRIVATE_EXTERN = NO;
				GCC_WARN_ABOUT_RETURN_TYPE = YES;
				GCC_WARN_UNINITIALIZED_AUTOS = YES;
				GCC_WARN_UNUSED_VARIABLE = YES;
				IPHONEOS_DEPLOYMENT_TARGET = 6.0;
				ONLY_ACTIVE_ARCH = YES;
				SDKROOT = iphoneos;
			};
			name = Debug;
		};
		48F50ACE16510F130082A261 /* Release */ = {
			isa = XCBuildConfiguration;
			buildSettings = {
				ALWAYS_SEARCH_USER_PATHS = NO;
				CLANG_CXX_LANGUAGE_STANDARD = "gnu++0x";
				CLANG_CXX_LIBRARY = "libc++";
				CLANG_WARN_EMPTY_BODY = YES;
				CLANG_WARN__DUPLICATE_METHOD_MATCH = YES;
				"CODE_SIGN_IDENTITY[sdk=iphoneos*]" = "iPhone Developer";
				COPY_PHASE_STRIP = YES;
				GCC_C_LANGUAGE_STANDARD = gnu99;
				GCC_WARN_ABOUT_RETURN_TYPE = YES;
				GCC_WARN_UNINITIALIZED_AUTOS = YES;
				GCC_WARN_UNUSED_VARIABLE = YES;
				IPHONEOS_DEPLOYMENT_TARGET = 6.0;
				OTHER_CFLAGS = "-DNS_BLOCK_ASSERTIONS=1";
				SDKROOT = iphoneos;
				VALIDATE_PRODUCT = YES;
			};
			name = Release;
		};
		48F50AD016510F130082A261 /* Debug */ = {
			isa = XCBuildConfiguration;
			buildSettings = {
				GCC_PRECOMPILE_PREFIX_HEADER = YES;
				GCC_PREFIX_HEADER = "LASharekitExample/LASharekitExample-Prefix.pch";
				INFOPLIST_FILE = "LASharekitExample/LASharekitExample-Info.plist";
				PRODUCT_NAME = "$(TARGET_NAME)";
				WRAPPER_EXTENSION = app;
			};
			name = Debug;
		};
		48F50AD116510F130082A261 /* Release */ = {
			isa = XCBuildConfiguration;
			buildSettings = {
				GCC_PRECOMPILE_PREFIX_HEADER = YES;
				GCC_PREFIX_HEADER = "LASharekitExample/LASharekitExample-Prefix.pch";
				INFOPLIST_FILE = "LASharekitExample/LASharekitExample-Info.plist";
				PRODUCT_NAME = "$(TARGET_NAME)";
				WRAPPER_EXTENSION = app;
			};
			name = Release;
		};
/* End XCBuildConfiguration section */

/* Begin XCConfigurationList section */
		48F50AA516510F130082A261 /* Build configuration list for PBXProject "LASharekitExample" */ = {
			isa = XCConfigurationList;
			buildConfigurations = (
				48F50ACD16510F130082A261 /* Debug */,
				48F50ACE16510F130082A261 /* Release */,
			);
			defaultConfigurationIsVisible = 0;
			defaultConfigurationName = Release;
		};
		48F50ACF16510F130082A261 /* Build configuration list for PBXNativeTarget "LASharekitExample" */ = {
			isa = XCConfigurationList;
			buildConfigurations = (
				48F50AD016510F130082A261 /* Debug */,
				48F50AD116510F130082A261 /* Release */,
			);
			defaultConfigurationIsVisible = 0;
		};
/* End XCConfigurationList section */
	};
	rootObject = 48F50AA216510F130082A261 /* Project object */;
}
